Microsoft Visual Studio Solution File, Format Version 12.00
# Visual Studio Version 17
VisualStudioVersion = 17.5.2.0
MinimumVisualStudioVersion = 10.0.40219.1
Project("{FAE04EC0-301F-11D3-BF4B-00C04F79EFBC}") = "UPSService", "UPSService\UPSService.csproj", "{2EF6E32F-D369-AC61-393A-DFC7BBAC1F7E}"
EndProject
Global
	GlobalSection(SolutionConfigurationPlatforms) = preSolution
		Debug|Any CPU = Debug|Any CPU
		Release|Any CPU = Release|Any CPU
	EndGlobalSection
	GlobalSection(ProjectConfigurationPlatforms) = postSolution
		{2EF6E32F-D369-AC61-393A-DFC7BBAC1F7E}.Debug|Any CPU.ActiveCfg = Debug|Any CPU
		{2EF6E32F-D369-AC61-393A-DFC7BBAC1F7E}.Debug|Any CPU.Build.0 = Debug|Any CPU
		{2EF6E32F-D369-AC61-393A-DFC7BBAC1F7E}.Release|Any CPU.ActiveCfg = Release|Any CPU
		{2EF6E32F-D369-AC61-393A-DFC7BBAC1F7E}.Release|Any CPU.Build.0 = Release|Any CPU
	EndGlobalSection
	GlobalSection(SolutionProperties) = preSolution
		HideSolutionNode = FALSE
	EndGlobalSection
	GlobalSection(ExtensibilityGlobals) = postSolution
		SolutionGuid = {8CD238C0-2BF6-423D-8F90-53810D1E7931}
	EndGlobalSection
EndGlobal
